
Microsoft Visual Studio Solution File, Format Version 12.00
# Visual Studio Version 16
VisualStudioVersion = 16.0.29306.81
MinimumVisualStudioVersion = 10.0.40219.1
Project("{FAE04EC0-301F-11D3-BF4B-00C04F79EFBC}") = "LogIn", "LogIn.csproj", "{0184F9F6-6C3C-4BBB-9F5B-AD24EE822A54}"
EndProject
Global
	GlobalSection(SolutionConfigurationPlatforms) = preSolution
		Debug|Any CPU = Debug|Any CPU
		Release|Any CPU = Release|Any CPU
	EndGlobalSection
	GlobalSection(ProjectConfigurationPlatforms) = postSolution
		{0184F9F6-6C3C-4BBB-9F5B-AD24EE822A54}.Debug|Any CPU.ActiveCfg = Debug|Any CPU
		{0184F9F6-6C3C-4BBB-9F5B-AD24EE822A54}.Debug|Any CPU.Build.0 = Debug|Any CPU
		{0184F9F6-6C3C-4BBB-9F5B-AD24EE822A54}.Release|Any CPU.ActiveCfg = Release|Any CPU
		{0184F9F6-6C3C-4BBB-9F5B-AD24EE822A54}.Release|Any CPU.Build.0 = Release|Any CPU
	EndGlobalSection
	GlobalSection(SolutionProperties) = preSolution
		HideSolutionNode = FALSE
	EndGlobalSection
	GlobalSection(ExtensibilityGlobals) = postSolution
		SolutionGuid = {AFF7929E-514B-422F-B5F7-AB1FBA0D722F}
	EndGlobalSection
EndGlobal
