
Microsoft Visual Studio Solution File, Format Version 12.00
# Visual Studio 15
VisualStudioVersion = 15.0.28307.902
MinimumVisualStudioVersion = 10.0.40219.1
Project("{FAE04EC0-301F-11D3-BF4B-00C04F79EFBC}") = "UniBinderAPI", "UniBinderAPI.csproj", "{360C7470-062E-4059-9AAD-AD3924BE2D9F}"
EndProject
Global
	GlobalSection(Performance) = preSolution
		HasPerformanceSessions = true
	EndGlobalSection
	GlobalSection(SolutionConfigurationPlatforms) = preSolution
		Debug|Any CPU = Debug|Any CPU
		Release|Any CPU = Release|Any CPU
	EndGlobalSection
	GlobalSection(ProjectConfigurationPlatforms) = postSolution
		{360C7470-062E-4059-9AAD-AD3924BE2D9F}.Debug|Any CPU.ActiveCfg = Debug|Any CPU
		{360C7470-062E-4059-9AAD-AD3924BE2D9F}.Debug|Any CPU.Build.0 = Debug|Any CPU
		{360C7470-062E-4059-9AAD-AD3924BE2D9F}.Release|Any CPU.ActiveCfg = Release|Any CPU
		{360C7470-062E-4059-9AAD-AD3924BE2D9F}.Release|Any CPU.Build.0 = Release|Any CPU
	EndGlobalSection
	GlobalSection(SolutionProperties) = preSolution
		HideSolutionNode = FALSE
	EndGlobalSection
	GlobalSection(ExtensibilityGlobals) = postSolution
		SolutionGuid = {AFF7929E-514B-422F-B5F7-AB1FBA0D722F}
	EndGlobalSection
EndGlobal
